// !$*UTF8*$!
{
	archiveVersion = 1;
	classes = {
	};
	objectVersion = 50;
	objects = {

/* Begin PBXBuildFile section */
		F128F32B20D0033C00A4834C /* AppDelegate.swift in Sources */ = {isa = PBXBuildFile; fileRef = F128F32A20D0033C00A4834C /* AppDelegate.swift */; };
		F128F32D20D0033C00A4834C /* ViewController.swift in Sources */ = {isa = PBXBuildFile; fileRef = F128F32C20D0033C00A4834C /* ViewController.swift */; };
		F128F33020D0033C00A4834C /* Main.storyboard in Resources */ = {isa = PBXBuildFile; fileRef = F128F32E20D0033C00A4834C /* Main.storyboard */; };
		F128F33220D0033C00A4834C /* Assets.xcassets in Resources */ = {isa = PBXBuildFile; fileRef = F128F33120D0033C00A4834C /* Assets.xcassets */; };
		F128F33520D0033C00A4834C /* LaunchScreen.storyboard in Resources */ = {isa = PBXBuildFile; fileRef = F128F33320D0033C00A4834C /* LaunchScreen.storyboard */; };
		F12F62B820D152DB005CF3D4 /* StartViewController.swift in Sources */ = {isa = PBXBuildFile; fileRef = F12F62B720D152DB005CF3D4 /* StartViewController.swift */; };
		F12F62BA20D15501005CF3D4 /* QuestionViewController.swift in Sources */ = {isa = PBXBuildFile; fileRef = F12F62B920D15501005CF3D4 /* QuestionViewController.swift */; };
		F12F62BC20D262E6005CF3D4 /* QuestionDataManager.swift in Sources */ = {isa = PBXBuildFile; fileRef = F12F62BB20D262E6005CF3D4 /* QuestionDataManager.swift */; };
		F12F62DD20D37493005CF3D4 /* AudioToolbox.framework in Frameworks */ = {isa = PBXBuildFile; fileRef = F12F62DC20D37493005CF3D4 /* AudioToolbox.framework */; };
		F183B49220D38CAF00688456 /* ResultViewController.swift in Sources */ = {isa = PBXBuildFile; fileRef = F183B49120D38CAF00688456 /* ResultViewController.swift */; };
/* End PBXBuildFile section */

/* Begin PBXFileReference section */
		F128F32720D0033C00A4834C /* FizzBuzz.app */ = {isa = PBXFileReference; explicitFileType = wrapper.application; includeInIndex = 0; path = FizzBuzz.app; sourceTree = BUILT_PRODUCTS_DIR; };
		F128F32A20D0033C00A4834C /* AppDelegate.swift */ = {isa = PBXFileReference; lastKnownFileType = sourcecode.swift; path = AppDelegate.swift; sourceTree = "<group>"; };
		F128F32C20D0033C00A4834C /* ViewController.swift */ = {isa = PBXFileReference; lastKnownFileType = sourcecode.swift; path = ViewController.swift; sourceTree = "<group>"; };
		F128F32F20D0033C00A4834C /* Base */ = {isa = PBXFileReference; lastKnownFileType = file.storyboard; name = Base; path = Base.lproj/Main.storyboard; sourceTree = "<group>"; };
		F128F33120D0033C00A4834C /* Assets.xcassets */ = {isa = PBXFileReference; lastKnownFileType = folder.assetcatalog; path = Assets.xcassets; sourceTree = "<group>"; };
		F128F33420D0033C00A4834C /* Base */ = {isa = PBXFileReference; lastKnownFileType = file.storyboard; name = Base; path = Base.lproj/LaunchScreen.storyboard; sourceTree = "<group>"; };
		F128F33620D0033C00A4834C /* Info.plist */ = {isa = PBXFileReference; lastKnownFileType = text.plist.xml; path = Info.plist; sourceTree = "<group>"; };
		F12F62B720D152DB005CF3D4 /* StartViewController.swift */ = {isa = PBXFileReference; lastKnownFileType = sourcecode.swift; path = StartViewController.swift; sourceTree = "<group>"; };
		F12F62B920D15501005CF3D4 /* QuestionViewController.swift */ = {isa = PBXFileReference; lastKnownFileType = sourcecode.swift; path = QuestionViewController.swift; sourceTree = "<group>"; };
		F12F62BB20D262E6005CF3D4 /* QuestionDataManager.swift */ = {isa = PBXFileReference; lastKnownFileType = sourcecode.swift; path = QuestionDataManager.swift; sourceTree = "<group>"; };
		F12F62DC20D37493005CF3D4 /* AudioToolbox.framework */ = {isa = PBXFileReference; lastKnownFileType = wrapper.framework; name = AudioToolbox.framework; path = System/Library/Frameworks/AudioToolbox.framework; sourceTree = SDKROOT; };
		F183B49120D38CAF00688456 /* ResultViewController.swift */ = {isa = PBXFileReference; lastKnownFileType = sourcecode.swift; path = ResultViewController.swift; sourceTree = "<group>"; };
/* End PBXFileReference section */

/* Begin PBXFrameworksBuildPhase section */
		F128F32420D0033C00A4834C /* Frameworks */ = {
			isa = PBXFrameworksBuildPhase;
			buildActionMask = 2147483647;
			files = (
				F12F62DD20D37493005CF3D4 /* AudioToolbox.framework in Frameworks */,
			);
			runOnlyForDeploymentPostprocessing = 0;
		};
/* End PBXFrameworksBuildPhase section */

/* Begin PBXGroup section */
		F128F31E20D0033C00A4834C = {
			isa = PBXGroup;
			children = (
				F128F32920D0033C00A4834C /* FizzBuzz */,
				F128F32820D0033C00A4834C /* Products */,
				F12F62DB20D37492005CF3D4 /* Frameworks */,
			);
			sourceTree = "<group>";
		};
		F128F32820D0033C00A4834C /* Products */ = {
			isa = PBXGroup;
			children = (
				F128F32720D0033C00A4834C /* FizzBuzz.app */,
			);
			name = Products;
			sourceTree = "<group>";
		};
		F128F32920D0033C00A4834C /* FizzBuzz */ = {
			isa = PBXGroup;
			children = (
				F128F32A20D0033C00A4834C /* AppDelegate.swift */,
				F128F32C20D0033C00A4834C /* ViewController.swift */,
				F128F32E20D0033C00A4834C /* Main.storyboard */,
				F12F62B720D152DB005CF3D4 /* StartViewController.swift */,
				F12F62B920D15501005CF3D4 /* QuestionViewController.swift */,
				F183B49120D38CAF00688456 /* ResultViewController.swift */,
				F12F62BB20D262E6005CF3D4 /* QuestionDataManager.swift */,
				F128F33120D0033C00A4834C /* Assets.xcassets */,
				F128F33320D0033C00A4834C /* LaunchScreen.storyboard */,
				F128F33620D0033C00A4834C /* Info.plist */,
			);
			path = FizzBuzz;
			sourceTree = "<group>";
		};
		F12F62DB20D37492005CF3D4 /* Frameworks */ = {
			isa = PBXGroup;
			children = (
				F12F62DC20D37493005CF3D4 /* AudioToolbox.framework */,
			);
			name = Frameworks;
			sourceTree = "<group>";
		};
/* End PBXGroup section */

/* Begin PBXNativeTarget section */
		F128F32620D0033C00A4834C /* FizzBuzz */ = {
			isa = PBXNativeTarget;
			buildConfigurationList = F128F33920D0033C00A4834C /* Build configuration list for PBXNativeTarget "FizzBuzz" */;
			buildPhases = (
				F128F32320D0033C00A4834C /* Sources */,
				F128F32420D0033C00A4834C /* Frameworks */,
				F128F32520D0033C00A4834C /* Resources */,
			);
			buildRules = (
			);
			dependencies = (
			);
			name = FizzBuzz;
			productName = FizzBuzz;
			productReference = F128F32720D0033C00A4834C /* FizzBuzz.app */;
			productType = "com.apple.product-type.application";
		};
/* End PBXNativeTarget section */

/* Begin PBXProject section */
		F128F31F20D0033C00A4834C /* Project object */ = {
			isa = PBXProject;
			attributes = {
				LastSwiftUpdateCheck = 0940;
				LastUpgradeCheck = 0940;
				ORGANIZATIONNAME = TakumaNishioka;
				TargetAttributes = {
					F128F32620D0033C00A4834C = {
						CreatedOnToolsVersion = 9.4;
					};
				};
			};
			buildConfigurationList = F128F32220D0033C00A4834C /* Build configuration list for PBXProject "FizzBuzz" */;
			compatibilityVersion = "Xcode 9.3";
			developmentRegion = en;
			hasScannedForEncodings = 0;
			knownRegions = (
				en,
				Base,
			);
			mainGroup = F128F31E20D0033C00A4834C;
			productRefGroup = F128F32820D0033C00A4834C /* Products */;
			projectDirPath = "";
			projectRoot = "";
			targets = (
				F128F32620D0033C00A4834C /* FizzBuzz */,
			);
		};
/* End PBXProject section */

/* Begin PBXResourcesBuildPhase section */
		F128F32520D0033C00A4834C /* Resources */ = {
			isa = PBXResourcesBuildPhase;
			buildActionMask = 2147483647;
			files = (
				F128F33520D0033C00A4834C /* LaunchScreen.storyboard in Resources */,
				F128F33220D0033C00A4834C /* Assets.xcassets in Resources */,
				F128F33020D0033C00A4834C /* Main.storyboard in Resources */,
			);
			runOnlyForDeploymentPostprocessing = 0;
		};
/* End PBXResourcesBuildPhase section */

/* Begin PBXSourcesBuildPhase section */
		F128F32320D0033C00A4834C /* Sources */ = {
			isa = PBXSourcesBuildPhase;
			buildActionMask = 2147483647;
			files = (
				F128F32D20D0033C00A4834C /* ViewController.swift in Sources */,
				F128F32B20D0033C00A4834C /* AppDelegate.swift in Sources */,
				F12F62BA20D15501005CF3D4 /* QuestionViewController.swift in Sources */,
				F12F62BC20D262E6005CF3D4 /* QuestionDataManager.swift in Sources */,
				F12F62B820D152DB005CF3D4 /* StartViewController.swift in Sources */,
				F183B49220D38CAF00688456 /* ResultViewController.swift in Sources */,
			);
			runOnlyForDeploymentPostprocessing = 0;
		};
/* End PBXSourcesBuildPhase section */

/* Begin PBXVariantGroup section */
		F128F32E20D0033C00A4834C /* Main.storyboard */ = {
			isa = PBXVariantGroup;
			children = (
				F128F32F20D0033C00A4834C /* Base */,
			);
			name = Main.storyboard;
			sourceTree = "<group>";
		};
		F128F33320D0033C00A4834C /* LaunchScreen.storyboard */ = {
			isa = PBXVariantGroup;
			children = (
				F128F33420D0033C00A4834C /* Base */,
			);
			name = LaunchScreen.storyboard;
			sourceTree = "<group>";
		};
/* End PBXVariantGroup section */

/* Begin XCBuildConfiguration section */
		F128F33720D0033C00A4834C /* Debug */ = {
			isa = XCBuildConfiguration;
			buildSettings = {
				ALWAYS_SEARCH_USER_PATHS = NO;
				CLANG_ANALYZER_NONNULL = YES;
				CLANG_ANALYZER_NUMBER_OBJECT_CONVERSION = YES_AGGRESSIVE;
				CLANG_CXX_LANGUAGE_STANDARD = "gnu++14";
				CLANG_CXX_LIBRARY = "libc++";
				CLANG_ENABLE_MODULES = YES;
				CLANG_ENABLE_OBJC_ARC = YES;
				CLANG_ENABLE_OBJC_WEAK = YES;
				CLANG_WARN_BLOCK_CAPTURE_AUTORELEASING = YES;
				CLANG_WARN_BOOL_CONVERSION = YES;
				CLANG_WARN_COMMA = YES;
				CLANG_WARN_CONSTANT_CONVERSION = YES;
				CLANG_WARN_DEPRECATED_OBJC_IMPLEMENTATIONS = YES;
				CLANG_WARN_DIRECT_OBJC_ISA_USAGE = YES_ERROR;
				CLANG_WARN_DOCUMENTATION_COMMENTS = YES;
				CLANG_WARN_EMPTY_BODY = YES;
				CLANG_WARN_ENUM_CONVERSION = YES;
				CLANG_WARN_INFINITE_RECURSION = YES;
				CLANG_WARN_INT_CONVERSION = YES;
				CLANG_WARN_NON_LITERAL_NULL_CONVERSION = YES;
				CLANG_WARN_OBJC_IMPLICIT_RETAIN_SELF = YES;
				CLANG_WARN_OBJC_LITERAL_CONVERSION = YES;
				CLANG_WARN_OBJC_ROOT_CLASS = YES_ERROR;
				CLANG_WARN_RANGE_LOOP_ANALYSIS = YES;
				CLANG_WARN_STRICT_PROTOTYPES = YES;
				CLANG_WARN_SUSPICIOUS_MOVE = YES;
				CLANG_WARN_UNGUARDED_AVAILABILITY = YES_AGGRESSIVE;
				CLANG_WARN_UNREACHABLE_CODE = YES;
				CLANG_WARN__DUPLICATE_METHOD_MATCH = YES;
				CODE_SIGN_IDENTITY = "iPhone Developer";
				COPY_PHASE_STRIP = NO;
				DEBUG_INFORMATION_FORMAT = dwarf;
				ENABLE_STRICT_OBJC_MSGSEND = YES;
				ENABLE_TESTABILITY = YES;
				GCC_C_LANGUAGE_STANDARD = gnu11;
				GCC_DYNAMIC_NO_PIC = NO;
				GCC_NO_COMMON_BLOCKS = YES;
				GCC_OPTIMIZATION_LEVEL = 0;
				GCC_PREPROCESSOR_DEFINITIONS = (
					"DEBUG=1",
					"$(inherited)",
				);
				GCC_WARN_64_TO_32_BIT_CONVERSION = YES;
				GCC_WARN_ABOUT_RETURN_TYPE = YES_ERROR;
				GCC_WARN_UNDECLARED_SELECTOR = YES;
				GCC_WARN_UNINITIALIZED_AUTOS = YES_AGGRESSIVE;
				GCC_WARN_UNUSED_FUNCTION = YES;
				GCC_WARN_UNUSED_VARIABLE = YES;
				IPHONEOS_DEPLOYMENT_TARGET = 11.4;
				MTL_ENABLE_DEBUG_INFO = YES;
				ONLY_ACTIVE_ARCH = YES;
				SDKROOT = iphoneos;
				SWIFT_ACTIVE_COMPILATION_CONDITIONS = DEBUG;
				SWIFT_OPTIMIZATION_LEVEL = "-Onone";
			};
			name = Debug;
		};
		F128F33820D0033C00A4834C /* Release */ = {
			isa = XCBuildConfiguration;
			buildSettings = {
				ALWAYS_SEARCH_USER_PATHS = NO;
				CLANG_ANALYZER_NONNULL = YES;
				CLANG_ANALYZER_NUMBER_OBJECT_CONVERSION = YES_AGGRESSIVE;
				CLANG_CXX_LANGUAGE_STANDARD = "gnu++14";
				CLANG_CXX_LIBRARY = "libc++";
				CLANG_ENABLE_MODULES = YES;
				CLANG_ENABLE_OBJC_ARC = YES;
				CLANG_ENABLE_OBJC_WEAK = YES;
				CLANG_WARN_BLOCK_CAPTURE_AUTORELEASING = YES;
				CLANG_WARN_BOOL_CONVERSION = YES;
				CLANG_WARN_COMMA = YES;
				CLANG_WARN_CONSTANT_CONVERSION = YES;
				CLANG_WARN_DEPRECATED_OBJC_IMPLEMENTATIONS = YES;
				CLANG_WARN_DIRECT_OBJC_ISA_USAGE = YES_ERROR;
				CLANG_WARN_DOCUMENTATION_COMMENTS = YES;
				CLANG_WARN_EMPTY_BODY = YES;
				CLANG_WARN_ENUM_CONVERSION = YES;
				CLANG_WARN_INFINITE_RECURSION = YES;
				CLANG_WARN_INT_CONVERSION = YES;
				CLANG_WARN_NON_LITERAL_NULL_CONVERSION = YES;
				CLANG_WARN_OBJC_IMPLICIT_RETAIN_SELF = YES;
				CLANG_WARN_OBJC_LITERAL_CONVERSION = YES;
				CLANG_WARN_OBJC_ROOT_CLASS = YES_ERROR;
				CLANG_WARN_RANGE_LOOP_ANALYSIS = YES;
				CLANG_WARN_STRICT_PROTOTYPES = YES;
				CLANG_WARN_SUSPICIOUS_MOVE = YES;
				CLANG_WARN_UNGUARDED_AVAILABILITY = YES_AGGRESSIVE;
				CLANG_WARN_UNREACHABLE_CODE = YES;
				CLANG_WARN__DUPLICATE_METHOD_MATCH = YES;
				CODE_SIGN_IDENTITY = "iPhone Developer";
				COPY_PHASE_STRIP = NO;
				DEBUG_INFORMATION_FORMAT = "dwarf-with-dsym";
				ENABLE_NS_ASSERTIONS = NO;
				ENABLE_STRICT_OBJC_MSGSEND = YES;
				GCC_C_LANGUAGE_STANDARD = gnu11;
				GCC_NO_COMMON_BLOCKS = YES;
				GCC_WARN_64_TO_32_BIT_CONVERSION = YES;
				GCC_WARN_ABOUT_RETURN_TYPE = YES_ERROR;
				GCC_WARN_UNDECLARED_SELECTOR = YES;
				GCC_WARN_UNINITIALIZED_AUTOS = YES_AGGRESSIVE;
				GCC_WARN_UNUSED_FUNCTION = YES;
				GCC_WARN_UNUSED_VARIABLE = YES;
				IPHONEOS_DEPLOYMENT_TARGET = 11.4;
				MTL_ENABLE_DEBUG_INFO = NO;
				SDKROOT = iphoneos;
				SWIFT_COMPILATION_MODE = wholemodule;
				SWIFT_OPTIMIZATION_LEVEL = "-O";
				VALIDATE_PRODUCT = YES;
			};
			name = Release;
		};
		F128F33A20D0033C00A4834C /* Debug */ = {
			isa = XCBuildConfiguration;
			buildSettings = {
				ASSETCATALOG_COMPILER_APPICON_NAME = AppIcon;
				CODE_SIGN_STYLE = Automatic;
				INFOPLIST_FILE = FizzBuzz/Info.plist;
				LD_RUNPATH_SEARCH_PATHS = (
					"$(inherited)",
					"@executable_path/Frameworks",
				);
				PRODUCT_BUNDLE_IDENTIFIER = com.jade.FizzBuzz;
				PRODUCT_NAME = "$(TARGET_NAME)";
				SWIFT_VERSION = 4.0;
				TARGETED_DEVICE_FAMILY = "1,2";
			};
			name = Debug;
		};
		F128F33B20D0033C00A4834C /* Release */ = {
			isa = XCBuildConfiguration;
			buildSettings = {
				ASSETCATALOG_COMPILER_APPICON_NAME = AppIcon;
				CODE_SIGN_STYLE = Automatic;
				INFOPLIST_FILE = FizzBuzz/Info.plist;
				LD_RUNPATH_SEARCH_PATHS = (
					"$(inherited)",
					"@executable_path/Frameworks",
				);
				PRODUCT_BUNDLE_IDENTIFIER = com.jade.FizzBuzz;
				PRODUCT_NAME = "$(TARGET_NAME)";
				SWIFT_VERSION = 4.0;
				TARGETED_DEVICE_FAMILY = "1,2";
			};
			name = Release;
		};
/* End XCBuildConfiguration section */

/* Begin XCConfigurationList section */
		F128F32220D0033C00A4834C /* Build configuration list for PBXProject "FizzBuzz" */ = {
			isa = XCConfigurationList;
			buildConfigurations = (
				F128F33720D0033C00A4834C /* Debug */,
				F128F33820D0033C00A4834C /* Release */,
			);
			defaultConfigurationIsVisible = 0;
			defaultConfigurationName = Release;
		};
		F128F33920D0033C00A4834C /* Build configuration list for PBXNativeTarget "FizzBuzz" */ = {
			isa = XCConfigurationList;
			buildConfigurations = (
				F128F33A20D0033C00A4834C /* Debug */,
				F128F33B20D0033C00A4834C /* Release */,
			);
			defaultConfigurationIsVisible = 0;
			defaultConfigurationName = Release;
		};
/* End XCConfigurationList section */
	};
	rootObject = F128F31F20D0033C00A4834C /* Project object */;
}
